PODS:
  - AFNetworking (3.2.1):
    - AFNetworking/NSURLSession (= 3.2.1)
    - AFNetworking/Reachability (= 3.2.1)
    - AFNetworking/Security (= 3.2.1)
    - AFNetworking/Serialization (= 3.2.1)
    - AFNetworking/UIKit (= 3.2.1)
  - AFNetworking/NSURLSession (3.2.1):
    - AFNetworking/Reachability
    - AFNetworking/Security
    - AFNetworking/Serialization
  - AFNetworking/Reachability (3.2.1)
  - AFNetworking/Security (3.2.1)
  - AFNetworking/Serialization (3.2.1)
  - AFNetworking/UIKit (3.2.1):
    - AFNetworking/NSURLSession
  - BlocksKit (2.2.5):
    - BlocksKit/All (= 2.2.5)
  - BlocksKit/All (2.2.5):
    - BlocksKit/Core
    - BlocksKit/DynamicDelegate
    - BlocksKit/MessageUI
    - BlocksKit/UIKit
  - BlocksKit/Core (2.2.5)
  - BlocksKit/DynamicDelegate (2.2.5)
  - BlocksKit/MessageUI (2.2.5):
    - BlocksKit/Core
    - BlocksKit/DynamicDelegate
  - BlocksKit/UIKit (2.2.5):
    - BlocksKit/Core
    - BlocksKit/DynamicDelegate
  - LGAlertHUD (1.1.3):
    - LGAlertHUD/AlertView (= 1.1.3)
    - LGAlertHUD/AnswerAlertView (= 1.1.3)
    - LGAlertHUD/YJSheetView (= 1.1.3)
    - Masonry
    - YJExtensions
  - LGAlertHUD/AlertView (1.1.3):
    - Masonry
    - YJExtensions
  - LGAlertHUD/AnswerAlertView (1.1.3):
    - Masonry
    - YJExtensions
  - LGAlertHUD/YJSheetView (1.1.3):
    - Masonry
    - YJExtensions
  - LGLog (1.0.2):
    - LGLog/LGLogManager (= 1.0.2)
    - LGLog/YJCocoaLumberjack (= 1.0.2)
  - LGLog/LGLogManager (1.0.2):
    - LGLog/YJCocoaLumberjack
  - LGLog/YJCocoaLumberjack (1.0.2)
  - LGTalk (1.2.1):
    - AFNetworking
    - LGAlertHUD
    - LGTalk/Category (= 1.2.1)
    - LGTalk/Const (= 1.2.1)
    - LGTalk/Utils (= 1.2.1)
    - Masonry
    - MJExtension
    - MJRefresh
    - SDWebImage
    - XMLDictionary
    - YJExtensions
    - YJPresentAnimation
  - LGTalk/Category (1.2.1):
    - AFNetworking
    - LGAlertHUD
    - LGTalk/Const
    - Masonry
    - MJExtension
    - MJRefresh
    - SDWebImage
    - XMLDictionary
    - YJExtensions
    - YJPresentAnimation
  - LGTalk/Const (1.2.1):
    - AFNetworking
    - LGAlertHUD
    - Masonry
    - MJExtension
    - MJRefresh
    - SDWebImage
    - XMLDictionary
    - YJExtensions
    - YJPresentAnimation
  - LGTalk/Utils (1.2.1):
    - AFNetworking
    - LGAlertHUD
    - LGTalk/Utils/ActivityIndicatorView (= 1.2.1)
    - LGTalk/Utils/ImagePickerController (= 1.2.1)
    - LGTalk/Utils/Photo (= 1.2.1)
    - Masonry
    - MJExtension
    - MJRefresh
    - SDWebImage
    - XMLDictionary
    - YJExtensions
    - YJPresentAnimation
  - LGTalk/Utils/ActivityIndicatorView (1.2.1):
    - AFNetworking
    - LGAlertHUD
    - Masonry
    - MJExtension
    - MJRefresh
    - SDWebImage
    - XMLDictionary
    - YJExtensions
    - YJPresentAnimation
  - LGTalk/Utils/ImagePickerController (1.2.1):
    - AFNetworking
    - LGAlertHUD
    - Masonry
    - MJExtension
    - MJRefresh
    - SDWebImage
    - XMLDictionary
    - YJExtensions
    - YJPresentAnimation
  - LGTalk/Utils/Photo (1.2.1):
    - AFNetworking
    - LGAlertHUD
    - LGTalk/Category
    - LGTalk/Const
    - Masonry
    - MJExtension
    - MJRefresh
    - SDWebImage
    - XMLDictionary
    - YJExtensions
    - YJImageBrowser
    - YJPresentAnimation
  - Masonry (1.1.0)
  - MJExtension (3.2.1)
  - MJRefresh (3.4.1)
  - Reachability (3.2)
  - SDWebImage (5.7.2):
    - SDWebImage/Core (= 5.7.2)
  - SDWebImage/Core (5.7.2)
  - SwipeView (1.3.2)
  - XMLDictionary (1.4.1)
  - YJExtensions (1.2.7):
    - YJExtensions/Foundation (= 1.2.7)
    - YJExtensions/UIKit (= 1.2.7)
    - YJExtensions/YJEGumbo (= 1.2.7)
    - YJExtensions/YJEHpple (= 1.2.7)
  - YJExtensions/Foundation (1.2.7):
    - YJExtensions/YJEHpple
  - YJExtensions/UIKit (1.2.7):
    - YJExtensions/Foundation
  - YJExtensions/YJEGumbo (1.2.7):
    - YJExtensions/YJEGumbo/src (= 1.2.7)
  - YJExtensions/YJEGumbo/src (1.2.7)
  - YJExtensions/YJEHpple (1.2.7)
  - YJImageBrowser (1.0.1):
    - YJImageBrowser/Const (= 1.0.1)
    - YJImageBrowser/ProgressView (= 1.0.1)
    - YJImageBrowser/YJImageBrowserView (= 1.0.1)
  - YJImageBrowser/Const (1.0.1):
    - YJExtensions
  - YJImageBrowser/ProgressView (1.0.1)
  - YJImageBrowser/YJImageBrowserView (1.0.1):
    - SDWebImage
    - YJImageBrowser/Const
    - YJImageBrowser/ProgressView
  - YJNetManager (1.2.1):
    - AFNetworking
    - LGLog
    - Reachability
    - YJExtensions
  - YJPresentAnimation (1.0.2)
  - YJResizableSplitView (1.0.0):
    - Masonry
  - YJSearchController (1.0.6):
    - LGAlertHUD
    - Masonry
    - YJExtensions
    - YJSearchController/PinYin (= 1.0.6)
  - YJSearchController/PinYin (1.0.6):
    - LGAlertHUD
    - Masonry
    - YJExtensions
  - YJTaskMark (1.1.3):
    - YJTaskMark/kuyou (= 1.1.3)
    - YJTaskMark/Util (= 1.1.3)
  - YJTaskMark/kuyou (1.1.3)
  - YJTaskMark/Util (1.1.3):
    - LGAlertHUD
    - YJExtensions
    - YJNetManager
    - YJTaskMark/kuyou
  - YJTaskModule (1.4.1):
    - YJTaskModule/ActivityIndicatorView (= 1.4.1)
    - YJTaskModule/AnswerEditView (= 1.4.1)
    - YJTaskModule/Base (= 1.4.1)
    - YJTaskModule/BaseItem (= 1.4.1)
    - YJTaskModule/Cell (= 1.4.1)
    - YJTaskModule/Const (= 1.4.1)
    - YJTaskModule/ImageLabel (= 1.4.1)
    - YJTaskModule/ListenPlayer (= 1.4.1)
    - YJTaskModule/MatchView (= 1.4.1)
    - YJTaskModule/Model (= 1.4.1)
    - YJTaskModule/TaskItem (= 1.4.1)
    - YJTaskModule/TitleView (= 1.4.1)
    - YJTaskModule/TopicCardView (= 1.4.1)
    - YJTaskModule/TopicView (= 1.4.1)
    - YJTaskModule/YJCorrect (= 1.4.1)
    - YJTaskModule/YJFileManager (= 1.4.1)
    - YJTaskModule/YJProgressView (= 1.4.1)
    - YJTaskModule/YJSpeechMarkView (= 1.4.1)
  - YJTaskModule/ActivityIndicatorView (1.4.1)
  - YJTaskModule/AnswerEditView (1.4.1):
    - LGAlertHUD
    - Masonry
    - YJResizableSplitView
    - YJTaskModule/Base
    - YJTaskModule/Const
  - YJTaskModule/Base (1.4.1):
    - BlocksKit
    - LGAlertHUD
    - MJExtension
    - YJTaskModule/Const
  - YJTaskModule/BaseItem (1.4.1):
    - Masonry
    - YJTaskModule/Const
    - YJTaskModule/Model
    - YJTaskModule/TitleView
  - YJTaskModule/Cell (1.4.1):
    - LGAlertHUD
    - LGTalk
    - Masonry
    - SDWebImage
    - YJImageBrowser
    - YJNetManager
    - YJTaskMark
    - YJTaskModule/Base
    - YJTaskModule/Const
    - YJTaskModule/ImageLabel
    - YJTaskModule/Model
    - YJTaskModule/YJSpeechMarkView
    - YJUtils
  - YJTaskModule/Const (1.4.1):
    - YJExtensions
  - YJTaskModule/ImageLabel (1.4.1):
    - Masonry
    - YJTaskModule/Const
  - YJTaskModule/ListenPlayer (1.4.1):
    - LGAlertHUD
    - Masonry
    - YJSearchController
    - YJTaskModule/Base
    - YJTaskModule/Const
    - YJTaskModule/YJProgressView
  - YJTaskModule/MatchView (1.4.1):
    - Masonry
    - YJTaskModule/Base
    - YJTaskModule/Const
    - YJTaskModule/ImageLabel
  - YJTaskModule/Model (1.4.1):
    - MJExtension
    - YJNetManager
    - YJTaskMark
    - YJTaskModule/Base
    - YJTaskModule/Const
    - YJTaskModule/TopicCardView
    - YJTaskModule/YJFileManager
  - YJTaskModule/TaskItem (1.4.1):
    - Masonry
    - SwipeView
    - YJResizableSplitView
    - YJTaskModule/AnswerEditView
    - YJTaskModule/BaseItem
    - YJTaskModule/Cell
    - YJTaskModule/Const
    - YJTaskModule/Model
    - YJTaskModule/TitleView
    - YJTaskModule/TopicView
  - YJTaskModule/TitleView (1.4.1):
    - Masonry
    - YJTaskModule/Const
  - YJTaskModule/TopicCardView (1.4.1):
    - Masonry
    - YJTaskModule/Const
    - YJTaskModule/ImageLabel
  - YJTaskModule/TopicView (1.4.1):
    - Masonry
    - YJImageBrowser
    - YJSearchController
    - YJTaskModule/ActivityIndicatorView
    - YJTaskModule/Const
    - YJTaskModule/ListenPlayer
    - YJTaskModule/MatchView
    - YJTaskModule/Model
    - YJTaskModule/YJCorrect
  - YJTaskModule/YJCorrect (1.4.1):
    - LGAlertHUD
    - Masonry
    - YJTaskModule/Base
    - YJTaskModule/Const
    - YJTaskModule/Model
  - YJTaskModule/YJFileManager (1.4.1)
  - YJTaskModule/YJProgressView (1.4.1)
  - YJTaskModule/YJSpeechMarkView (1.4.1):
    - Masonry
    - YJTaskModule/Const
  - YJUtils (1.1.3):
    - YJUtils/YJAudioMerger (= 1.1.3)
    - YJUtils/YJAudioPlayer (= 1.1.3)
    - YJUtils/YJMediaCutter (= 1.1.3)
  - YJUtils/YJAudioMerger (1.1.3)
  - YJUtils/YJAudioPlayer (1.1.3)
  - YJUtils/YJMediaCutter (1.1.3)

DEPENDENCIES:
  - YJTaskModule (from `../`)

SPEC REPOS:
  trunk:
    - AFNetworking
    - BlocksKit
    - LGAlertHUD
    - LGLog
    - LGTalk
    - Masonry
    - MJExtension
    - MJRefresh
    - Reachability
    - SDWebImage
    - SwipeView
    - XMLDictionary
    - YJExtensions
    - YJImageBrowser
    - YJNetManager
    - YJPresentAnimation
    - YJResizableSplitView
    - YJSearchController
    - YJTaskMark
    - YJUtils

EXTERNAL SOURCES:
  YJTaskModule:
    :path: "../"

SPEC CHECKSUMS:
  AFNetworking: b6f891fdfaed196b46c7a83cf209e09697b94057
  BlocksKit: 7f422b971407001178d181a43b99014ea2591fe6
  LGAlertHUD: d14fa1d2ab68418cf8f0a1fcb1a8d9eee6a4841b
  LGLog: a58e542c6c99755d1b8eca492b2acf70a3115731
  LGTalk: 3a5d7d4db47f645c5f412dcea6c511eec68eff83
  Masonry: 678fab65091a9290e40e2832a55e7ab731aad201
  MJExtension: 635f2c663dcb1bf76fa4b715b2570a5710aec545
  MJRefresh: 3153c59a363159092c08b2177ec3a7d09f90bfaf
  Reachability: 33e18b67625424e47b6cde6d202dce689ad7af96
  SDWebImage: d9ea4959d99c52276dfada481987018fcaea3d58
  SwipeView: bd67cfaf7760c036438446b3ccb28a3b84fce009
  XMLDictionary: fa07b6ff422b3a91d47a5de9bc82e3fc04fbd167
  YJExtensions: e7de9b98bd279a704321c795eb4ff6975fac2167
  YJImageBrowser: d879399f8ee957f79333b957c64f5d8258b32277
  YJNetManager: de44dffe2182de1b1128b646338096ba0626d2c9
  YJPresentAnimation: 58af2bfff17028cb286ecd442d418af8997f8740
  YJResizableSplitView: 5ce0f3e8a608552a6f9a8c4d987e589a9c21b17e
  YJSearchController: 77970cc713a6dbb22abb465fb6af2ceb11bb46d9
  YJTaskMark: af9e04cc65cc35344a9286e534aeaa810117f637
  YJTaskModule: 680ea791566f58d892ca0fcdc2439dbdd32073d7
  YJUtils: da9d4d2129144bf99b1ca057df26351cbfb9360e

PODFILE CHECKSUM: f500a7ccba47323bb95db68447fe69ebb1bf31aa

COCOAPODS: 1.9.1
